
Microsoft Visual Studio Solution File, Format Version 12.00
# Visual Studio Version 16
VisualStudioVersion = 16.0.32002.261
MinimumVisualStudioVersion = 10.0.40219.1
Project("{FAE04EC0-301F-11D3-BF4B-00C04F79EFBC}") = "Task1", "Task1\Task1.csproj", "{6C2932BC-3B81-4F91-B829-D93AA2C8C96D}"
EndProject
Global
	GlobalSection(SolutionConfigurationPlatforms) = preSolution
		Debug|Any CPU = Debug|Any CPU
		Release|Any CPU = Release|Any CPU
	EndGlobalSection
	GlobalSection(ProjectConfigurationPlatforms) = postSolution
		{6C2932BC-3B81-4F91-B829-D93AA2C8C96D}.Debug|Any CPU.ActiveCfg = Debug|Any CPU
		{6C2932BC-3B81-4F91-B829-D93AA2C8C96D}.Debug|Any CPU.Build.0 = Debug|Any CPU
		{6C2932BC-3B81-4F91-B829-D93AA2C8C96D}.Release|Any CPU.ActiveCfg = Release|Any CPU
		{6C2932BC-3B81-4F91-B829-D93AA2C8C96D}.Release|Any CPU.Build.0 = Release|Any CPU
	EndGlobalSection
	GlobalSection(SolutionProperties) = preSolution
		HideSolutionNode = FALSE
	EndGlobalSection
	GlobalSection(ExtensibilityGlobals) = postSolution
		SolutionGuid = {AD80F545-B53F-4E24-BEF5-58AAA5C69D96}
	EndGlobalSection
EndGlobal
